
Microsoft Visual Studio Solution File, Format Version 12.00
# Visual Studio Version 17
VisualStudioVersion = 17.2.32616.157
MinimumVisualStudioVersion = 10.0.40219.1
Project("{9A19103F-16F7-4668-BE54-9A1E7A4F7556}") = "BulkyBookWebV1", "BulkyBookWebV1\BulkyBookWebV1.csproj", "{20686D03-B238-40EA-8293-7DE58D123351}"
EndProject
Project("{9A19103F-16F7-4668-BE54-9A1E7A4F7556}") = "BulkyBook.DataAccess", "BulkyBook.DataAccess\BulkyBook.DataAccess.csproj", "{969C0700-5BFB-431C-ABF6-B0491B890FF8}"
EndProject
Project("{9A19103F-16F7-4668-BE54-9A1E7A4F7556}") = "BulkyBook.Model", "BulkyBook.Model\BulkyBook.Model.csproj", "{CE2B9B07-4FD5-4A06-9CFB-A46BD846248E}"
EndProject
Project("{9A19103F-16F7-4668-BE54-9A1E7A4F7556}") = "BulkyBook.Utility", "BulkyBook.Utility\BulkyBook.Utility.csproj", "{13FBE786-71B9-4F13-B8A8-BF7FED2CC376}"
EndProject
Project("{FAE04EC0-301F-11D3-BF4B-00C04F79EFBC}") = "BulkyBookAPI", "BulkyBookAPI\BulkyBookAPI.csproj", "{176DFDE3-9AFA-4C4E-B795-8006E71F3FC1}"
EndProject
Global
	GlobalSection(SolutionConfigurationPlatforms) = preSolution
		Debug|Any CPU = Debug|Any CPU
		Release|Any CPU = Release|Any CPU
	EndGlobalSection
	GlobalSection(ProjectConfigurationPlatforms) = postSolution
		{20686D03-B238-40EA-8293-7DE58D123351}.Debug|Any CPU.ActiveCfg = Debug|Any CPU
		{20686D03-B238-40EA-8293-7DE58D123351}.Debug|Any CPU.Build.0 = Debug|Any CPU
		{20686D03-B238-40EA-8293-7DE58D123351}.Release|Any CPU.ActiveCfg = Release|Any CPU
		{20686D03-B238-40EA-8293-7DE58D123351}.Release|Any CPU.Build.0 = Release|Any CPU
		{969C0700-5BFB-431C-ABF6-B0491B890FF8}.Debug|Any CPU.ActiveCfg = Debug|Any CPU
		{969C0700-5BFB-431C-ABF6-B0491B890FF8}.Debug|Any CPU.Build.0 = Debug|Any CPU
		{969C0700-5BFB-431C-ABF6-B0491B890FF8}.Release|Any CPU.ActiveCfg = Release|Any CPU
		{969C0700-5BFB-431C-ABF6-B0491B890FF8}.Release|Any CPU.Build.0 = Release|Any CPU
		{CE2B9B07-4FD5-4A06-9CFB-A46BD846248E}.Debug|Any CPU.ActiveCfg = Debug|Any CPU
		{CE2B9B07-4FD5-4A06-9CFB-A46BD846248E}.Debug|Any CPU.Build.0 = Debug|Any CPU
		{CE2B9B07-4FD5-4A06-9CFB-A46BD846248E}.Release|Any CPU.ActiveCfg = Release|Any CPU
		{CE2B9B07-4FD5-4A06-9CFB-A46BD846248E}.Release|Any CPU.Build.0 = Release|Any CPU
		{13FBE786-71B9-4F13-B8A8-BF7FED2CC376}.Debug|Any CPU.ActiveCfg = Debug|Any CPU
		{13FBE786-71B9-4F13-B8A8-BF7FED2CC376}.Debug|Any CPU.Build.0 = Debug|Any CPU
		{13FBE786-71B9-4F13-B8A8-BF7FED2CC376}.Release|Any CPU.ActiveCfg = Release|Any CPU
		{13FBE786-71B9-4F13-B8A8-BF7FED2CC376}.Release|Any CPU.Build.0 = Release|Any CPU
		{176DFDE3-9AFA-4C4E-B795-8006E71F3FC1}.Debug|Any CPU.ActiveCfg = Debug|Any CPU
		{176DFDE3-9AFA-4C4E-B795-8006E71F3FC1}.Debug|Any CPU.Build.0 = Debug|Any CPU
		{176DFDE3-9AFA-4C4E-B795-8006E71F3FC1}.Release|Any CPU.ActiveCfg = Release|Any CPU
		{176DFDE3-9AFA-4C4E-B795-8006E71F3FC1}.Release|Any CPU.Build.0 = Release|Any CPU
	EndGlobalSection
	GlobalSection(SolutionProperties) = preSolution
		HideSolutionNode = FALSE
	EndGlobalSection
	GlobalSection(ExtensibilityGlobals) = postSolution
		SolutionGuid = {2AF78D41-7E4E-40A7-B915-5FCEA1D704EF}
	EndGlobalSection
EndGlobal
